PODS:
  - MSAlertController (1.0.2)
  - SASecretCommandViewController (1.4.0)

DEPENDENCIES:
  - MSAlertController
  - SASecretCommandViewController (from `../`)

EXTERNAL SOURCES:
  SASecretCommandViewController:
    :path: "../"

SPEC CHECKSUMS:
  MSAlertController: 502577669b8fef56c492c943cb0d5ae94392369d
  SASecretCommandViewController: 1e9a0dbc51acfe63c2774634dd9f8e852f263f1b

PODFILE CHECKSUM: e2c09a05656e950f9645f611dea73b9b44d22a02

COCOAPODS: 1.1.0.rc.2
