PODS:
  - SASecretCommandViewController (2.0.0)

DEPENDENCIES:
  - SASecretCommandViewController (from `../`)

EXTERNAL SOURCES:
  SASecretCommandViewController:
    :path: "../"

SPEC CHECKSUMS:
  SASecretCommandViewController: 2edd4e9ce36ec27aa748456d342faa0e535f7f92

PODFILE CHECKSUM: bff840a9a71bdea3586d4186fc8648bfa0fae69c

COCOAPODS: 1.1.0.rc.2
